
Microsoft Visual Studio Solution File, Format Version 12.00
# Visual Studio 15
VisualStudioVersion = 15.0.27130.2027
MinimumVisualStudioVersion = 10.0.40219.1
Project("{FAE04EC0-301F-11D3-BF4B-00C04F79EFBC}") = "passwordHolder.Android", "passwordHolder\passwordHolder.Android\passwordHolder.Android.csproj", "{614DB06B-A518-452C-9629-810986F14BD2}"
EndProject
Project("{FAE04EC0-301F-11D3-BF4B-00C04F79EFBC}") = "passwordHolder.iOS", "passwordHolder\passwordHolder.iOS\passwordHolder.iOS.csproj", "{5A6934E5-DAA4-4A38-BAB7-356FDD81A7EC}"
EndProject
Project("{D954291E-2A0B-460D-934E-DC6B0785DB48}") = "passwordHolder", "passwordHolder\passwordHolder\passwordHolder.shproj", "{EF17FEA4-9723-4FBC-A941-EC4B602544D8}"
EndProject
Global
	GlobalSection(SharedMSBuildProjectFiles) = preSolution
		passwordHolder\passwordHolder\passwordHolder.projitems*{5a6934e5-daa4-4a38-bab7-356fdd81a7ec}*SharedItemsImports = 4
		passwordHolder\passwordHolder\passwordHolder.projitems*{614db06b-a518-452c-9629-810986f14bd2}*SharedItemsImports = 4
		passwordHolder\passwordHolder\passwordHolder.projitems*{ef17fea4-9723-4fbc-a941-ec4b602544d8}*SharedItemsImports = 13
	EndGlobalSection
	GlobalSection(SolutionConfigurationPlatforms) = preSolution
		Ad-Hoc|Any CPU = Ad-Hoc|Any CPU
		Ad-Hoc|iPhone = Ad-Hoc|iPhone
		Ad-Hoc|iPhoneSimulator = Ad-Hoc|iPhoneSimulator
		AppStore|Any CPU = AppStore|Any CPU
		AppStore|iPhone = AppStore|iPhone
		AppStore|iPhoneSimulator = AppStore|iPhoneSimulator
		Debug|Any CPU = Debug|Any CPU
		Debug|iPhone = Debug|iPhone
		Debug|iPhoneSimulator = Debug|iPhoneSimulator
		Release|Any CPU = Release|Any CPU
		Release|iPhone = Release|iPhone
		Release|iPhoneSimulator = Release|iPhoneSimulator
	EndGlobalSection
	GlobalSection(ProjectConfigurationPlatforms) = postSolution
		{614DB06B-A518-452C-9629-810986F14BD2}.Ad-Hoc|Any CPU.ActiveCfg = Release|Any CPU
		{614DB06B-A518-452C-9629-810986F14BD2}.Ad-Hoc|Any CPU.Build.0 = Release|Any CPU
		{614DB06B-A518-452C-9629-810986F14BD2}.Ad-Hoc|Any CPU.Deploy.0 = Release|Any CPU
		{614DB06B-A518-452C-9629-810986F14BD2}.Ad-Hoc|iPhone.ActiveCfg = Release|Any CPU
		{614DB06B-A518-452C-9629-810986F14BD2}.Ad-Hoc|iPhone.Build.0 = Release|Any CPU
		{614DB06B-A518-452C-9629-810986F14BD2}.Ad-Hoc|iPhone.Deploy.0 = Release|Any CPU
		{614DB06B-A518-452C-9629-810986F14BD2}.Ad-Hoc|iPhoneSimulator.ActiveCfg = Release|Any CPU
		{614DB06B-A518-452C-9629-810986F14BD2}.Ad-Hoc|iPhoneSimulator.Build.0 = Release|Any CPU
		{614DB06B-A518-452C-9629-810986F14BD2}.Ad-Hoc|iPhoneSimulator.Deploy.0 = Release|Any CPU
		{614DB06B-A518-452C-9629-810986F14BD2}.AppStore|Any CPU.ActiveCfg = Release|Any CPU
		{614DB06B-A518-452C-9629-810986F14BD2}.AppStore|Any CPU.Build.0 = Release|Any CPU
		{614DB06B-A518-452C-9629-810986F14BD2}.AppStore|Any CPU.Deploy.0 = Release|Any CPU
		{614DB06B-A518-452C-9629-810986F14BD2}.AppStore|iPhone.ActiveCfg = Release|Any CPU
		{614DB06B-A518-452C-9629-810986F14BD2}.AppStore|iPhone.Build.0 = Release|Any CPU
		{614DB06B-A518-452C-9629-810986F14BD2}.AppStore|iPhone.Deploy.0 = Release|Any CPU
		{614DB06B-A518-452C-9629-810986F14BD2}.AppStore|iPhoneSimulator.ActiveCfg = Release|Any CPU
		{614DB06B-A518-452C-9629-810986F14BD2}.AppStore|iPhoneSimulator.Build.0 = Release|Any CPU
		{614DB06B-A518-452C-9629-810986F14BD2}.AppStore|iPhoneSimulator.Deploy.0 = Release|Any CPU
		{614DB06B-A518-452C-9629-810986F14BD2}.Debug|Any CPU.ActiveCfg = Debug|Any CPU
		{614DB06B-A518-452C-9629-810986F14BD2}.Debug|Any CPU.Build.0 = Debug|Any CPU
		{614DB06B-A518-452C-9629-810986F14BD2}.Debug|Any CPU.Deploy.0 = Debug|Any CPU
		{614DB06B-A518-452C-9629-810986F14BD2}.Debug|iPhone.ActiveCfg = Debug|Any CPU
		{614DB06B-A518-452C-9629-810986F14BD2}.Debug|iPhone.Build.0 = Debug|Any CPU
		{614DB06B-A518-452C-9629-810986F14BD2}.Debug|iPhone.Deploy.0 = Debug|Any CPU
		{614DB06B-A518-452C-9629-810986F14BD2}.Debug|iPhoneSimulator.ActiveCfg = Debug|Any CPU
		{614DB06B-A518-452C-9629-810986F14BD2}.Debug|iPhoneSimulator.Build.0 = Debug|Any CPU
		{614DB06B-A518-452C-9629-810986F14BD2}.Debug|iPhoneSimulator.Deploy.0 = Debug|Any CPU
		{614DB06B-A518-452C-9629-810986F14BD2}.Release|Any CPU.ActiveCfg = Release|Any CPU
		{614DB06B-A518-452C-9629-810986F14BD2}.Release|Any CPU.Build.0 = Release|Any CPU
		{614DB06B-A518-452C-9629-810986F14BD2}.Release|Any CPU.Deploy.0 = Release|Any CPU
		{614DB06B-A518-452C-9629-810986F14BD2}.Release|iPhone.ActiveCfg = Release|Any CPU
		{614DB06B-A518-452C-9629-810986F14BD2}.Release|iPhone.Build.0 = Release|Any CPU
		{614DB06B-A518-452C-9629-810986F14BD2}.Release|iPhone.Deploy.0 = Release|Any CPU
		{614DB06B-A518-452C-9629-810986F14BD2}.Release|iPhoneSimulator.ActiveCfg = Release|Any CPU
		{614DB06B-A518-452C-9629-810986F14BD2}.Release|iPhoneSimulator.Build.0 = Release|Any CPU
		{614DB06B-A518-452C-9629-810986F14BD2}.Release|iPhoneSimulator.Deploy.0 = Release|Any CPU
		{5A6934E5-DAA4-4A38-BAB7-356FDD81A7EC}.Ad-Hoc|Any CPU.ActiveCfg = Ad-Hoc|iPhone
		{5A6934E5-DAA4-4A38-BAB7-356FDD81A7EC}.Ad-Hoc|iPhone.ActiveCfg = Ad-Hoc|iPhone
		{5A6934E5-DAA4-4A38-BAB7-356FDD81A7EC}.Ad-Hoc|iPhone.Build.0 = Ad-Hoc|iPhone
		{5A6934E5-DAA4-4A38-BAB7-356FDD81A7EC}.Ad-Hoc|iPhoneSimulator.ActiveCfg = Ad-Hoc|iPhoneSimulator
		{5A6934E5-DAA4-4A38-BAB7-356FDD81A7EC}.Ad-Hoc|iPhoneSimulator.Build.0 = Ad-Hoc|iPhoneSimulator
		{5A6934E5-DAA4-4A38-BAB7-356FDD81A7EC}.AppStore|Any CPU.ActiveCfg = AppStore|iPhone
		{5A6934E5-DAA4-4A38-BAB7-356FDD81A7EC}.AppStore|iPhone.ActiveCfg = AppStore|iPhone
		{5A6934E5-DAA4-4A38-BAB7-356FDD81A7EC}.AppStore|iPhone.Build.0 = AppStore|iPhone
		{5A6934E5-DAA4-4A38-BAB7-356FDD81A7EC}.AppStore|iPhoneSimulator.ActiveCfg = AppStore|iPhoneSimulator
		{5A6934E5-DAA4-4A38-BAB7-356FDD81A7EC}.AppStore|iPhoneSimulator.Build.0 = AppStore|iPhoneSimulator
		{5A6934E5-DAA4-4A38-BAB7-356FDD81A7EC}.Debug|Any CPU.ActiveCfg = Debug|iPhone
		{5A6934E5-DAA4-4A38-BAB7-356FDD81A7EC}.Debug|iPhone.ActiveCfg = Debug|iPhone
		{5A6934E5-DAA4-4A38-BAB7-356FDD81A7EC}.Debug|iPhone.Build.0 = Debug|iPhone
		{5A6934E5-DAA4-4A38-BAB7-356FDD81A7EC}.Debug|iPhoneSimulator.ActiveCfg = Debug|iPhoneSimulator
		{5A6934E5-DAA4-4A38-BAB7-356FDD81A7EC}.Debug|iPhoneSimulator.Build.0 = Debug|iPhoneSimulator
		{5A6934E5-DAA4-4A38-BAB7-356FDD81A7EC}.Release|Any CPU.ActiveCfg = Release|iPhone
		{5A6934E5-DAA4-4A38-BAB7-356FDD81A7EC}.Release|iPhone.ActiveCfg = Release|iPhone
		{5A6934E5-DAA4-4A38-BAB7-356FDD81A7EC}.Release|iPhone.Build.0 = Release|iPhone
		{5A6934E5-DAA4-4A38-BAB7-356FDD81A7EC}.Release|iPhoneSimulator.ActiveCfg = Release|iPhoneSimulator
		{5A6934E5-DAA4-4A38-BAB7-356FDD81A7EC}.Release|iPhoneSimulator.Build.0 = Release|iPhoneSimulator
	EndGlobalSection
	GlobalSection(SolutionProperties) = preSolution
		HideSolutionNode = FALSE
	EndGlobalSection
	GlobalSection(ExtensibilityGlobals) = postSolution
		SolutionGuid = {504DF822-BB43-43D2-BCF8-C3A4BDC1755E}
	EndGlobalSection
EndGlobal
